// !$*UTF8*$!
{
	archiveVersion = 1;
	classes = {
	};
	objectVersion = 46;
	objects = {

/* Begin PBXBuildFile section */
		CEF14A87213D0AA6009A1949 /* AppDelegate.swift in Sources */ = {isa = PBXBuildFile; fileRef = CEF14A86213D0AA6009A1949 /* AppDelegate.swift */; };
		CEF14A89213D0AA6009A1949 /* ViewController.swift in Sources */ = {isa = PBXBuildFile; fileRef = CEF14A88213D0AA6009A1949 /* ViewController.swift */; };
		CEF14A8E213D0AA6009A1949 /* Assets.xcassets in Resources */ = {isa = PBXBuildFile; fileRef = CEF14A8D213D0AA6009A1949 /* Assets.xcassets */; };
		CEF14A91213D0AA6009A1949 /* LaunchScreen.storyboard in Resources */ = {isa = PBXBuildFile; fileRef = CEF14A8F213D0AA6009A1949 /* LaunchScreen.storyboard */; };
		CEF14A9C213D0AA6009A1949 /* TippyTests.swift in Sources */ = {isa = PBXBuildFile; fileRef = CEF14A9B213D0AA6009A1949 /* TippyTests.swift */; };
		CEF14AA7213D0AA6009A1949 /* TippyUITests.swift in Sources */ = {isa = PBXBuildFile; fileRef = CEF14AA6213D0AA6009A1949 /* TippyUITests.swift */; };
		CEF14AB4213DC9D1009A1949 /* Main.storyboard in Resources */ = {isa = PBXBuildFile; fileRef = CEF14A8A213D0AA6009A1949 /* Main.storyboard */; };
		CEF14AC0213DF12D009A1949 /* SettingViewController.swift in Sources */ = {isa = PBXBuildFile; fileRef = CEF14ABF213DF12D009A1949 /* SettingViewController.swift */; };
/* End PBXBuildFile section */

/* Begin PBXContainerItemProxy section */
		CEF14A98213D0AA6009A1949 /* PBXContainerItemProxy */ = {
			isa = PBXContainerItemProxy;
			containerPortal = CEF14A7B213D0AA6009A1949 /* Project object */;
			proxyType = 1;
			remoteGlobalIDString = CEF14A82213D0AA6009A1949;
			remoteInfo = Tippy;
		};
		CEF14AA3213D0AA6009A1949 /* PBXContainerItemProxy */ = {
			isa = PBXContainerItemProxy;
			containerPortal = CEF14A7B213D0AA6009A1949 /* Project object */;
			proxyType = 1;
			remoteGlobalIDString = CEF14A82213D0AA6009A1949;
			remoteInfo = Tippy;
		};
/* End PBXContainerItemProxy section */

/* Begin PBXFileReference section */
		CEF14A83213D0AA6009A1949 /* Tippy.app */ = {isa = PBXFileReference; explicitFileType = wrapper.application; includeInIndex = 0; path = Tippy.app; sourceTree = BUILT_PRODUCTS_DIR; };
		CEF14A86213D0AA6009A1949 /* AppDelegate.swift */ = {isa = PBXFileReference; lastKnownFileType = sourcecode.swift; path = AppDelegate.swift; sourceTree = "<group>"; };
		CEF14A88213D0AA6009A1949 /* ViewController.swift */ = {isa = PBXFileReference; lastKnownFileType = sourcecode.swift; path = ViewController.swift; sourceTree = "<group>"; };
		CEF14A8B213D0AA6009A1949 /* Base */ = {isa = PBXFileReference; lastKnownFileType = file.storyboard; name = Base; path = Base.lproj/Main.storyboard; sourceTree = "<group>"; };
		CEF14A8D213D0AA6009A1949 /* Assets.xcassets */ = {isa = PBXFileReference; lastKnownFileType = folder.assetcatalog; path = Assets.xcassets; sourceTree = "<group>"; };
		CEF14A90213D0AA6009A1949 /* Base */ = {isa = PBXFileReference; lastKnownFileType = file.storyboard; name = Base; path = Base.lproj/LaunchScreen.storyboard; sourceTree = "<group>"; };
		CEF14A92213D0AA6009A1949 /* Info.plist */ = {isa = PBXFileReference; lastKnownFileType = text.plist.xml; path = Info.plist; sourceTree = "<group>"; };
		CEF14A97213D0AA6009A1949 /* TippyTests.xctest */ = {isa = PBXFileReference; explicitFileType = wrapper.cfbundle; includeInIndex = 0; path = TippyTests.xctest; sourceTree = BUILT_PRODUCTS_DIR; };
		CEF14A9B213D0AA6009A1949 /* TippyTests.swift */ = {isa = PBXFileReference; lastKnownFileType = sourcecode.swift; path = TippyTests.swift; sourceTree = "<group>"; };
		CEF14A9D213D0AA6009A1949 /* Info.plist */ = {isa = PBXFileReference; lastKnownFileType = text.plist.xml; path = Info.plist; sourceTree = "<group>"; };
		CEF14AA2213D0AA6009A1949 /* TippyUITests.xctest */ = {isa = PBXFileReference; explicitFileType = wrapper.cfbundle; includeInIndex = 0; path = TippyUITests.xctest; sourceTree = BUILT_PRODUCTS_DIR; };
		CEF14AA6213D0AA6009A1949 /* TippyUITests.swift */ = {isa = PBXFileReference; lastKnownFileType = sourcecode.swift; path = TippyUITests.swift; sourceTree = "<group>"; };
		CEF14AA8213D0AA6009A1949 /* Info.plist */ = {isa = PBXFileReference; lastKnownFileType = text.plist.xml; path = Info.plist; sourceTree = "<group>"; };
		CEF14ABF213DF12D009A1949 /* SettingViewController.swift */ = {isa = PBXFileReference; fileEncoding = 4; lastKnownFileType = sourcecode.swift; path = SettingViewController.swift; sourceTree = "<group>"; };
/* End PBXFileReference section */

/* Begin PBXFrameworksBuildPhase section */
		CEF14A80213D0AA6009A1949 /* Frameworks */ = {
			isa = PBXFrameworksBuildPhase;
			buildActionMask = 2147483647;
			files = (
			);
			runOnlyForDeploymentPostprocessing = 0;
		};
		CEF14A94213D0AA6009A1949 /* Frameworks */ = {
			isa = PBXFrameworksBuildPhase;
			buildActionMask = 2147483647;
			files = (
			);
			runOnlyForDeploymentPostprocessing = 0;
		};
		CEF14A9F213D0AA6009A1949 /* Frameworks */ = {
			isa = PBXFrameworksBuildPhase;
			buildActionMask = 2147483647;
			files = (
			);
			runOnlyForDeploymentPostprocessing = 0;
		};
/* End PBXFrameworksBuildPhase section */

/* Begin PBXGroup section */
		CEF14A7A213D0AA6009A1949 = {
			isa = PBXGroup;
			children = (
				CEF14A85213D0AA6009A1949 /* Tippy */,
				CEF14A9A213D0AA6009A1949 /* TippyTests */,
				CEF14AA5213D0AA6009A1949 /* TippyUITests */,
				CEF14A84213D0AA6009A1949 /* Products */,
			);
			sourceTree = "<group>";
		};
		CEF14A84213D0AA6009A1949 /* Products */ = {
			isa = PBXGroup;
			children = (
				CEF14A83213D0AA6009A1949 /* Tippy.app */,
				CEF14A97213D0AA6009A1949 /* TippyTests.xctest */,
				CEF14AA2213D0AA6009A1949 /* TippyUITests.xctest */,
			);
			name = Products;
			sourceTree = "<group>";
		};
		CEF14A85213D0AA6009A1949 /* Tippy */ = {
			isa = PBXGroup;
			children = (
				CEF14ABF213DF12D009A1949 /* SettingViewController.swift */,
				CEF14A8A213D0AA6009A1949 /* Main.storyboard */,
				CEF14A86213D0AA6009A1949 /* AppDelegate.swift */,
				CEF14A88213D0AA6009A1949 /* ViewController.swift */,
				CEF14A8D213D0AA6009A1949 /* Assets.xcassets */,
				CEF14A8F213D0AA6009A1949 /* LaunchScreen.storyboard */,
				CEF14A92213D0AA6009A1949 /* Info.plist */,
			);
			path = Tippy;
			sourceTree = "<group>";
		};
		CEF14A9A213D0AA6009A1949 /* TippyTests */ = {
			isa = PBXGroup;
			children = (
				CEF14A9B213D0AA6009A1949 /* TippyTests.swift */,
				CEF14A9D213D0AA6009A1949 /* Info.plist */,
			);
			path = TippyTests;
			sourceTree = "<group>";
		};
		CEF14AA5213D0AA6009A1949 /* TippyUITests */ = {
			isa = PBXGroup;
			children = (
				CEF14AA6213D0AA6009A1949 /* TippyUITests.swift */,
				CEF14AA8213D0AA6009A1949 /* Info.plist */,
			);
			path = TippyUITests;
			sourceTree = "<group>";
		};
/* End PBXGroup section */

/* Begin PBXNativeTarget section */
		CEF14A82213D0AA6009A1949 /* Tippy */ = {
			isa = PBXNativeTarget;
			buildConfigurationList = CEF14AAB213D0AA6009A1949 /* Build configuration list for PBXNativeTarget "Tippy" */;
			buildPhases = (
				CEF14A7F213D0AA6009A1949 /* Sources */,
				CEF14A80213D0AA6009A1949 /* Frameworks */,
				CEF14A81213D0AA6009A1949 /* Resources */,
			);
			buildRules = (
			);
			dependencies = (
			);
			name = Tippy;
			productName = Tippy;
			productReference = CEF14A83213D0AA6009A1949 /* Tippy.app */;
			productType = "com.apple.product-type.application";
		};
		CEF14A96213D0AA6009A1949 /* TippyTests */ = {
			isa = PBXNativeTarget;
			buildConfigurationList = CEF14AAE213D0AA6009A1949 /* Build configuration list for PBXNativeTarget "TippyTests" */;
			buildPhases = (
				CEF14A93213D0AA6009A1949 /* Sources */,
				CEF14A94213D0AA6009A1949 /* Frameworks */,
				CEF14A95213D0AA6009A1949 /* Resources */,
			);
			buildRules = (
			);
			dependencies = (
				CEF14A99213D0AA6009A1949 /* PBXTargetDependency */,
			);
			name = TippyTests;
			productName = TippyTests;
			productReference = CEF14A97213D0AA6009A1949 /* TippyTests.xctest */;
			productType = "com.apple.product-type.bundle.unit-test";
		};
		CEF14AA1213D0AA6009A1949 /* TippyUITests */ = {
			isa = PBXNativeTarget;
			buildConfigurationList = CEF14AB1213D0AA6009A1949 /* Build configuration list for PBXNativeTarget "TippyUITests" */;
			buildPhases = (
				CEF14A9E213D0AA6009A1949 /* Sources */,
				CEF14A9F213D0AA6009A1949 /* Frameworks */,
				CEF14AA0213D0AA6009A1949 /* Resources */,
			);
			buildRules = (
			);
			dependencies = (
				CEF14AA4213D0AA6009A1949 /* PBXTargetDependency */,
			);
			name = TippyUITests;
			productName = TippyUITests;
			productReference = CEF14AA2213D0AA6009A1949 /* TippyUITests.xctest */;
			productType = "com.apple.product-type.bundle.ui-testing";
		};
/* End PBXNativeTarget section */

/* Begin PBXProject section */
		CEF14A7B213D0AA6009A1949 /* Project object */ = {
			isa = PBXProject;
			attributes = {
				LastSwiftUpdateCheck = 0830;
				LastUpgradeCheck = 0830;
				ORGANIZATIONNAME = "Christie Chen";
				TargetAttributes = {
					CEF14A82213D0AA6009A1949 = {
						CreatedOnToolsVersion = 8.3.3;
						ProvisioningStyle = Automatic;
					};
					CEF14A96213D0AA6009A1949 = {
						CreatedOnToolsVersion = 8.3.3;
						ProvisioningStyle = Automatic;
						TestTargetID = CEF14A82213D0AA6009A1949;
					};
					CEF14AA1213D0AA6009A1949 = {
						CreatedOnToolsVersion = 8.3.3;
						ProvisioningStyle = Automatic;
						TestTargetID = CEF14A82213D0AA6009A1949;
					};
				};
			};
			buildConfigurationList = CEF14A7E213D0AA6009A1949 /* Build configuration list for PBXProject "Tippy" */;
			compatibilityVersion = "Xcode 3.2";
			developmentRegion = English;
			hasScannedForEncodings = 0;
			knownRegions = (
				en,
				Base,
			);
			mainGroup = CEF14A7A213D0AA6009A1949;
			productRefGroup = CEF14A84213D0AA6009A1949 /* Products */;
			projectDirPath = "";
			projectRoot = "";
			targets = (
				CEF14A82213D0AA6009A1949 /* Tippy */,
				CEF14A96213D0AA6009A1949 /* TippyTests */,
				CEF14AA1213D0AA6009A1949 /* TippyUITests */,
			);
		};
/* End PBXProject section */

/* Begin PBXResourcesBuildPhase section */
		CEF14A81213D0AA6009A1949 /* Resources */ = {
			isa = PBXResourcesBuildPhase;
			buildActionMask = 2147483647;
			files = (
				CEF14AB4213DC9D1009A1949 /* Main.storyboard in Resources */,
				CEF14A91213D0AA6009A1949 /* LaunchScreen.storyboard in Resources */,
				CEF14A8E213D0AA6009A1949 /* Assets.xcassets in Resources */,
			);
			runOnlyForDeploymentPostprocessing = 0;
		};
		CEF14A95213D0AA6009A1949 /* Resources */ = {
			isa = PBXResourcesBuildPhase;
			buildActionMask = 2147483647;
			files = (
			);
			runOnlyForDeploymentPostprocessing = 0;
		};
		CEF14AA0213D0AA6009A1949 /* Resources */ = {
			isa = PBXResourcesBuildPhase;
			buildActionMask = 2147483647;
			files = (
			);
			runOnlyForDeploymentPostprocessing = 0;
		};
/* End PBXResourcesBuildPhase section */

/* Begin PBXSourcesBuildPhase section */
		CEF14A7F213D0AA6009A1949 /* Sources */ = {
			isa = PBXSourcesBuildPhase;
			buildActionMask = 2147483647;
			files = (
				CEF14A89213D0AA6009A1949 /* ViewController.swift in Sources */,
				CEF14A87213D0AA6009A1949 /* AppDelegate.swift in Sources */,
				CEF14AC0213DF12D009A1949 /* SettingViewController.swift in Sources */,
			);
			runOnlyForDeploymentPostprocessing = 0;
		};
		CEF14A93213D0AA6009A1949 /* Sources */ = {
			isa = PBXSourcesBuildPhase;
			buildActionMask = 2147483647;
			files = (
				CEF14A9C213D0AA6009A1949 /* TippyTests.swift in Sources */,
			);
			runOnlyForDeploymentPostprocessing = 0;
		};
		CEF14A9E213D0AA6009A1949 /* Sources */ = {
			isa = PBXSourcesBuildPhase;
			buildActionMask = 2147483647;
			files = (
				CEF14AA7213D0AA6009A1949 /* TippyUITests.swift in Sources */,
			);
			runOnlyForDeploymentPostprocessing = 0;
		};
/* End PBXSourcesBuildPhase section */

/* Begin PBXTargetDependency section */
		CEF14A99213D0AA6009A1949 /* PBXTargetDependency */ = {
			isa = PBXTargetDependency;
			target = CEF14A82213D0AA6009A1949 /* Tippy */;
			targetProxy = CEF14A98213D0AA6009A1949 /* PBXContainerItemProxy */;
		};
		CEF14AA4213D0AA6009A1949 /* PBXTargetDependency */ = {
			isa = PBXTargetDependency;
			target = CEF14A82213D0AA6009A1949 /* Tippy */;
			targetProxy = CEF14AA3213D0AA6009A1949 /* PBXContainerItemProxy */;
		};
/* End PBXTargetDependency section */

/* Begin PBXVariantGroup section */
		CEF14A8A213D0AA6009A1949 /* Main.storyboard */ = {
			isa = PBXVariantGroup;
			children = (
				CEF14A8B213D0AA6009A1949 /* Base */,
			);
			name = Main.storyboard;
			sourceTree = "<group>";
		};
		CEF14A8F213D0AA6009A1949 /* LaunchScreen.storyboard */ = {
			isa = PBXVariantGroup;
			children = (
				CEF14A90213D0AA6009A1949 /* Base */,
			);
			name = LaunchScreen.storyboard;
			sourceTree = "<group>";
		};
/* End PBXVariantGroup section */

/* Begin XCBuildConfiguration section */
		CEF14AA9213D0AA6009A1949 /* Debug */ = {
			isa = XCBuildConfiguration;
			buildSettings = {
				ALWAYS_SEARCH_USER_PATHS = NO;
				CLANG_ANALYZER_NONNULL = YES;
				CLANG_ANALYZER_NUMBER_OBJECT_CONVERSION = YES_AGGRESSIVE;
				CLANG_CXX_LANGUAGE_STANDARD = "gnu++0x";
				CLANG_CXX_LIBRARY = "libc++";
				CLANG_ENABLE_MODULES = YES;
				CLANG_ENABLE_OBJC_ARC = YES;
				CLANG_WARN_BOOL_CONVERSION = YES;
				CLANG_WARN_CONSTANT_CONVERSION = YES;
				CLANG_WARN_DIRECT_OBJC_ISA_USAGE = YES_ERROR;
				CLANG_WARN_DOCUMENTATION_COMMENTS = YES;
				CLANG_WARN_EMPTY_BODY = YES;
				CLANG_WARN_ENUM_CONVERSION = YES;
				CLANG_WARN_INFINITE_RECURSION = YES;
				CLANG_WARN_INT_CONVERSION = YES;
				CLANG_WARN_OBJC_ROOT_CLASS = YES_ERROR;
				CLANG_WARN_SUSPICIOUS_MOVE = YES;
				CLANG_WARN_UNREACHABLE_CODE = YES;
				CLANG_WARN__DUPLICATE_METHOD_MATCH = YES;
				"CODE_SIGN_IDENTITY[sdk=iphoneos*]" = "iPhone Developer";
				COPY_PHASE_STRIP = NO;
				DEBUG_INFORMATION_FORMAT = dwarf;
				ENABLE_STRICT_OBJC_MSGSEND = YES;
				ENABLE_TESTABILITY = YES;
				GCC_C_LANGUAGE_STANDARD = gnu99;
				GCC_DYNAMIC_NO_PIC = NO;
				GCC_NO_COMMON_BLOCKS = YES;
				GCC_OPTIMIZATION_LEVEL = 0;
				GCC_PREPROCESSOR_DEFINITIONS = (
					"DEBUG=1",
					"$(inherited)",
				);
				GCC_WARN_64_TO_32_BIT_CONVERSION = YES;
				GCC_WARN_ABOUT_RETURN_TYPE = YES_ERROR;
				GCC_WARN_UNDECLARED_SELECTOR = YES;
				GCC_WARN_UNINITIALIZED_AUTOS = YES_AGGRESSIVE;
				GCC_WARN_UNUSED_FUNCTION = YES;
				GCC_WARN_UNUSED_VARIABLE = YES;
				IPHONEOS_DEPLOYMENT_TARGET = 10.3;
				MTL_ENABLE_DEBUG_INFO = YES;
				ONLY_ACTIVE_ARCH = YES;
				SDKROOT = iphoneos;
				SWIFT_ACTIVE_COMPILATION_CONDITIONS = DEBUG;
				SWIFT_OPTIMIZATION_LEVEL = "-Onone";
			};
			name = Debug;
		};
		CEF14AAA213D0AA6009A1949 /* Release */ = {
			isa = XCBuildConfiguration;
			buildSettings = {
				ALWAYS_SEARCH_USER_PATHS = NO;
				CLANG_ANALYZER_NONNULL = YES;
				CLANG_ANALYZER_NUMBER_OBJECT_CONVERSION = YES_AGGRESSIVE;
				CLANG_CXX_LANGUAGE_STANDARD = "gnu++0x";
				CLANG_CXX_LIBRARY = "libc++";
				CLANG_ENABLE_MODULES = YES;
				CLANG_ENABLE_OBJC_ARC = YES;
				CLANG_WARN_BOOL_CONVERSION = YES;
				CLANG_WARN_CONSTANT_CONVERSION = YES;
				CLANG_WARN_DIRECT_OBJC_ISA_USAGE = YES_ERROR;
				CLANG_WARN_DOCUMENTATION_COMMENTS = YES;
				CLANG_WARN_EMPTY_BODY = YES;
				CLANG_WARN_ENUM_CONVERSION = YES;
				CLANG_WARN_INFINITE_RECURSION = YES;
				CLANG_WARN_INT_CONVERSION = YES;
				CLANG_WARN_OBJC_ROOT_CLASS = YES_ERROR;
				CLANG_WARN_SUSPICIOUS_MOVE = YES;
				CLANG_WARN_UNREACHABLE_CODE = YES;
				CLANG_WARN__DUPLICATE_METHOD_MATCH = YES;
				"CODE_SIGN_IDENTITY[sdk=iphoneos*]" = "iPhone Developer";
				COPY_PHASE_STRIP = NO;
				DEBUG_INFORMATION_FORMAT = "dwarf-with-dsym";
				ENABLE_NS_ASSERTIONS = NO;
				ENABLE_STRICT_OBJC_MSGSEND = YES;
				GCC_C_LANGUAGE_STANDARD = gnu99;
				GCC_NO_COMMON_BLOCKS = YES;
				GCC_WARN_64_TO_32_BIT_CONVERSION = YES;
				GCC_WARN_ABOUT_RETURN_TYPE = YES_ERROR;
				GCC_WARN_UNDECLARED_SELECTOR = YES;
				GCC_WARN_UNINITIALIZED_AUTOS = YES_AGGRESSIVE;
				GCC_WARN_UNUSED_FUNCTION = YES;
				GCC_WARN_UNUSED_VARIABLE = YES;
				IPHONEOS_DEPLOYMENT_TARGET = 10.3;
				MTL_ENABLE_DEBUG_INFO = NO;
				SDKROOT = iphoneos;
				SWIFT_OPTIMIZATION_LEVEL = "-Owholemodule";
				VALIDATE_PRODUCT = YES;
			};
			name = Release;
		};
		CEF14AAC213D0AA6009A1949 /* Debug */ = {
			isa = XCBuildConfiguration;
			buildSettings = {
				ASSETCATALOG_COMPILER_APPICON_NAME = AppIcon;
				INFOPLIST_FILE = Tippy/Info.plist;
				LD_RUNPATH_SEARCH_PATHS = "$(inherited) @executable_path/Frameworks";
				PRODUCT_BUNDLE_IDENTIFIER = "Codepath-Prework.Tippy";
				PRODUCT_NAME = "$(TARGET_NAME)";
				SWIFT_VERSION = 3.0;
			};
			name = Debug;
		};
		CEF14AAD213D0AA6009A1949 /* Release */ = {
			isa = XCBuildConfiguration;
			buildSettings = {
				ASSETCATALOG_COMPILER_APPICON_NAME = AppIcon;
				INFOPLIST_FILE = Tippy/Info.plist;
				LD_RUNPATH_SEARCH_PATHS = "$(inherited) @executable_path/Frameworks";
				PRODUCT_BUNDLE_IDENTIFIER = "Codepath-Prework.Tippy";
				PRODUCT_NAME = "$(TARGET_NAME)";
				SWIFT_VERSION = 3.0;
			};
			name = Release;
		};
		CEF14AAF213D0AA6009A1949 /* Debug */ = {
			isa = XCBuildConfiguration;
			buildSettings = {
				ALWAYS_EMBED_SWIFT_STANDARD_LIBRARIES = YES;
				BUNDLE_LOADER = "$(TEST_HOST)";
				INFOPLIST_FILE = TippyTests/Info.plist;
				LD_RUNPATH_SEARCH_PATHS = "$(inherited) @executable_path/Frameworks @loader_path/Frameworks";
				PRODUCT_BUNDLE_IDENTIFIER = "Codepath-Prework.TippyTests";
				PRODUCT_NAME = "$(TARGET_NAME)";
				SWIFT_VERSION = 3.0;
				TEST_HOST = "$(BUILT_PRODUCTS_DIR)/Tippy.app/Tippy";
			};
			name = Debug;
		};
		CEF14AB0213D0AA6009A1949 /* Release */ = {
			isa = XCBuildConfiguration;
			buildSettings = {
				ALWAYS_EMBED_SWIFT_STANDARD_LIBRARIES = YES;
				BUNDLE_LOADER = "$(TEST_HOST)";
				INFOPLIST_FILE = TippyTests/Info.plist;
				LD_RUNPATH_SEARCH_PATHS = "$(inherited) @executable_path/Frameworks @loader_path/Frameworks";
				PRODUCT_BUNDLE_IDENTIFIER = "Codepath-Prework.TippyTests";
				PRODUCT_NAME = "$(TARGET_NAME)";
				SWIFT_VERSION = 3.0;
				TEST_HOST = "$(BUILT_PRODUCTS_DIR)/Tippy.app/Tippy";
			};
			name = Release;
		};
		CEF14AB2213D0AA6009A1949 /* Debug */ = {
			isa = XCBuildConfiguration;
			buildSettings = {
				ALWAYS_EMBED_SWIFT_STANDARD_LIBRARIES = YES;
				INFOPLIST_FILE = TippyUITests/Info.plist;
				LD_RUNPATH_SEARCH_PATHS = "$(inherited) @executable_path/Frameworks @loader_path/Frameworks";
				PRODUCT_BUNDLE_IDENTIFIER = "Codepath-Prework.TippyUITests";
				PRODUCT_NAME = "$(TARGET_NAME)";
				SWIFT_VERSION = 3.0;
				TEST_TARGET_NAME = Tippy;
			};
			name = Debug;
		};
		CEF14AB3213D0AA6009A1949 /* Release */ = {
			isa = XCBuildConfiguration;
			buildSettings = {
				ALWAYS_EMBED_SWIFT_STANDARD_LIBRARIES = YES;
				INFOPLIST_FILE = TippyUITests/Info.plist;
				LD_RUNPATH_SEARCH_PATHS = "$(inherited) @executable_path/Frameworks @loader_path/Frameworks";
				PRODUCT_BUNDLE_IDENTIFIER = "Codepath-Prework.TippyUITests";
				PRODUCT_NAME = "$(TARGET_NAME)";
				SWIFT_VERSION = 3.0;
				TEST_TARGET_NAME = Tippy;
			};
			name = Release;
		};
/* End XCBuildConfiguration section */

/* Begin XCConfigurationList section */
		CEF14A7E213D0AA6009A1949 /* Build configuration list for PBXProject "Tippy" */ = {
			isa = XCConfigurationList;
			buildConfigurations = (
				CEF14AA9213D0AA6009A1949 /* Debug */,
				CEF14AAA213D0AA6009A1949 /* Release */,
			);
			defaultConfigurationIsVisible = 0;
			defaultConfigurationName = Release;
		};
		CEF14AAB213D0AA6009A1949 /* Build configuration list for PBXNativeTarget "Tippy" */ = {
			isa = XCConfigurationList;
			buildConfigurations = (
				CEF14AAC213D0AA6009A1949 /* Debug */,
				CEF14AAD213D0AA6009A1949 /* Release */,
			);
			defaultConfigurationIsVisible = 0;
			defaultConfigurationName = Release;
		};
		CEF14AAE213D0AA6009A1949 /* Build configuration list for PBXNativeTarget "TippyTests" */ = {
			isa = XCConfigurationList;
			buildConfigurations = (
				CEF14AAF213D0AA6009A1949 /* Debug */,
				CEF14AB0213D0AA6009A1949 /* Release */,
			);
			defaultConfigurationIsVisible = 0;
			defaultConfigurationName = Release;
		};
		CEF14AB1213D0AA6009A1949 /* Build configuration list for PBXNativeTarget "TippyUITests" */ = {
			isa = XCConfigurationList;
			buildConfigurations = (
				CEF14AB2213D0AA6009A1949 /* Debug */,
				CEF14AB3213D0AA6009A1949 /* Release */,
			);
			defaultConfigurationIsVisible = 0;
			defaultConfigurationName = Release;
		};
/* End XCConfigurationList section */
	};
	rootObject = CEF14A7B213D0AA6009A1949 /* Project object */;
}
